
Microsoft Visual Studio Solution File, Format Version 12.00
Project("{FAE04EC0-301F-11D3-BF4B-00C04F79EFBC}") = "PingConsole", "PingConsole\PingConsole.csproj", "{F976BF9F-B0BE-4625-9CD1-C5D1CA47A7C7}"
EndProject
Project("{FAE04EC0-301F-11D3-BF4B-00C04F79EFBC}") = "Shared", "Shared\Shared.csproj", "{56072A53-46B3-411B-ADC9-BC694142A1D9}"
EndProject
Project("{FAE04EC0-301F-11D3-BF4B-00C04F79EFBC}") = "PongConsole", "PongConsole\PongConsole.csproj", "{B49D78C5-8636-4161-BFFA-E21362D41ACA}"
EndProject
Project("{FAE04EC0-301F-11D3-BF4B-00C04F79EFBC}") = "PongFunction", "PongFunction\PongFunction.csproj", "{A73C1F6B-1A60-4D39-BDEA-45A8D1DEF2E6}"
EndProject
Global
	GlobalSection(SolutionConfigurationPlatforms) = preSolution
		Debug|Any CPU = Debug|Any CPU
		Release|Any CPU = Release|Any CPU
	EndGlobalSection
	GlobalSection(ProjectConfigurationPlatforms) = postSolution
		{F976BF9F-B0BE-4625-9CD1-C5D1CA47A7C7}.Debug|Any CPU.ActiveCfg = Debug|Any CPU
		{F976BF9F-B0BE-4625-9CD1-C5D1CA47A7C7}.Debug|Any CPU.Build.0 = Debug|Any CPU
		{F976BF9F-B0BE-4625-9CD1-C5D1CA47A7C7}.Release|Any CPU.ActiveCfg = Release|Any CPU
		{F976BF9F-B0BE-4625-9CD1-C5D1CA47A7C7}.Release|Any CPU.Build.0 = Release|Any CPU
		{56072A53-46B3-411B-ADC9-BC694142A1D9}.Debug|Any CPU.ActiveCfg = Debug|Any CPU
		{56072A53-46B3-411B-ADC9-BC694142A1D9}.Debug|Any CPU.Build.0 = Debug|Any CPU
		{56072A53-46B3-411B-ADC9-BC694142A1D9}.Release|Any CPU.ActiveCfg = Release|Any CPU
		{56072A53-46B3-411B-ADC9-BC694142A1D9}.Release|Any CPU.Build.0 = Release|Any CPU
		{B49D78C5-8636-4161-BFFA-E21362D41ACA}.Debug|Any CPU.ActiveCfg = Debug|Any CPU
		{B49D78C5-8636-4161-BFFA-E21362D41ACA}.Debug|Any CPU.Build.0 = Debug|Any CPU
		{B49D78C5-8636-4161-BFFA-E21362D41ACA}.Release|Any CPU.ActiveCfg = Release|Any CPU
		{B49D78C5-8636-4161-BFFA-E21362D41ACA}.Release|Any CPU.Build.0 = Release|Any CPU
		{A73C1F6B-1A60-4D39-BDEA-45A8D1DEF2E6}.Debug|Any CPU.ActiveCfg = Debug|Any CPU
		{A73C1F6B-1A60-4D39-BDEA-45A8D1DEF2E6}.Debug|Any CPU.Build.0 = Debug|Any CPU
		{A73C1F6B-1A60-4D39-BDEA-45A8D1DEF2E6}.Release|Any CPU.ActiveCfg = Release|Any CPU
		{A73C1F6B-1A60-4D39-BDEA-45A8D1DEF2E6}.Release|Any CPU.Build.0 = Release|Any CPU
	EndGlobalSection
EndGlobal
